
Microsoft Visual Studio Solution File, Format Version 12.00
# Visual Studio Version 16
VisualStudioVersion = 16.0.31313.79
MinimumVisualStudioVersion = 10.0.40219.1
Project("{F184B08F-C81C-45F6-A57F-5ABD9991F28F}") = "Emulation_Control", "Emulation_Control\Emulation_Control.vbproj", "{234B53AD-49C3-40CA-81C0-A59A29764990}"
EndProject
Global
	GlobalSection(SolutionConfigurationPlatforms) = preSolution
		Debug|Any CPU = Debug|Any CPU
		Release|Any CPU = Release|Any CPU
	EndGlobalSection
	GlobalSection(ProjectConfigurationPlatforms) = postSolution
		{234B53AD-49C3-40CA-81C0-A59A29764990}.Debug|Any CPU.ActiveCfg = Debug|Any CPU
		{234B53AD-49C3-40CA-81C0-A59A29764990}.Debug|Any CPU.Build.0 = Debug|Any CPU
		{234B53AD-49C3-40CA-81C0-A59A29764990}.Release|Any CPU.ActiveCfg = Release|Any CPU
		{234B53AD-49C3-40CA-81C0-A59A29764990}.Release|Any CPU.Build.0 = Release|Any CPU
	EndGlobalSection
	GlobalSection(SolutionProperties) = preSolution
		HideSolutionNode = FALSE
	EndGlobalSection
	GlobalSection(ExtensibilityGlobals) = postSolution
		SolutionGuid = {DDF7DE5F-D4CF-4162-8E63-7157F50D7A48}
	EndGlobalSection
EndGlobal
